// !$*UTF8*$!
{
	archiveVersion = 1;
	classes = {
	};
	objectVersion = 77;
	objects = {

/* Begin PBXBuildFile section */
		6DDC3C0D2DAD10B500545B4B /* WidgetKit.framework in Frameworks */ = {isa = PBXBuildFile; fileRef = 6DDC3C0C2DAD10B500545B4B /* WidgetKit.framework */; };
		6DDC3C0F2DAD10B500545B4B /* SwiftUI.framework in Frameworks */ = {isa = PBXBuildFile; fileRef = 6DDC3C0E2DAD10B500545B4B /* SwiftUI.framework */; };
		6DDC3C1E2DAD10B700545B4B /* WalletNoteWidgetExtension.appex in Embed Foundation Extensions */ = {isa = PBXBuildFile; fileRef = 6DDC3C0A2DAD10B500545B4B /* WalletNoteWidgetExtension.appex */; settings = {ATTRIBUTES = (RemoveHeadersOnCopy, ); }; };
/* End PBXBuildFile section */

/* Begin PBXContainerItemProxy section */
		6D5A40722D51F1B70034EDC2 /* PBXContainerItemProxy */ = {
			isa = PBXContainerItemProxy;
			containerPortal = 6D5A40572D51F1B60034EDC2 /* Project object */;
			proxyType = 1;
			remoteGlobalIDString = 6D5A405E2D51F1B60034EDC2;
			remoteInfo = WalletNote;
		};
		6D5A407C2D51F1B70034EDC2 /* PBXContainerItemProxy */ = {
			isa = PBXContainerItemProxy;
			containerPortal = 6D5A40572D51F1B60034EDC2 /* Project object */;
			proxyType = 1;
			remoteGlobalIDString = 6D5A405E2D51F1B60034EDC2;
			remoteInfo = WalletNote;
		};
		6DDC3C1C2DAD10B700545B4B /* PBXContainerItemProxy */ = {
			isa = PBXContainerItemProxy;
			containerPortal = 6D5A40572D51F1B60034EDC2 /* Project object */;
			proxyType = 1;
			remoteGlobalIDString = 6DDC3C092DAD10B500545B4B;
			remoteInfo = WalletNoteWidgetExtension;
		};
/* End PBXContainerItemProxy section */

/* Begin PBXCopyFilesBuildPhase section */
		6DDC3C1F2DAD10B700545B4B /* Embed Foundation Extensions */ = {
			isa = PBXCopyFilesBuildPhase;
			buildActionMask = 2147483647;
			dstPath = "";
			dstSubfolderSpec = 13;
			files = (
				6DDC3C1E2DAD10B700545B4B /* WalletNoteWidgetExtension.appex in Embed Foundation Extensions */,
			);
			name = "Embed Foundation Extensions";
			runOnlyForDeploymentPostprocessing = 0;
		};
/* End PBXCopyFilesBuildPhase section */

/* Begin PBXFileReference section */
		6D5A405F2D51F1B60034EDC2 /* WalletNote.app */ = {isa = PBXFileReference; explicitFileType = wrapper.application; includeInIndex = 0; path = WalletNote.app; sourceTree = BUILT_PRODUCTS_DIR; };
		6D5A40712D51F1B70034EDC2 /* WalletNoteTests.xctest */ = {isa = PBXFileReference; explicitFileType = wrapper.cfbundle; includeInIndex = 0; path = WalletNoteTests.xctest; sourceTree = BUILT_PRODUCTS_DIR; };
		6D5A407B2D51F1B70034EDC2 /* WalletNoteUITests.xctest */ = {isa = PBXFileReference; explicitFileType = wrapper.cfbundle; includeInIndex = 0; path = WalletNoteUITests.xctest; sourceTree = BUILT_PRODUCTS_DIR; };
		6DDC3C0A2DAD10B500545B4B /* WalletNoteWidgetExtension.appex */ = {isa = PBXFileReference; explicitFileType = "wrapper.app-extension"; includeInIndex = 0; path = WalletNoteWidgetExtension.appex; sourceTree = BUILT_PRODUCTS_DIR; };
		6DDC3C0C2DAD10B500545B4B /* WidgetKit.framework */ = {isa = PBXFileReference; lastKnownFileType = wrapper.framework; name = WidgetKit.framework; path = System/Library/Frameworks/WidgetKit.framework; sourceTree = SDKROOT; };
		6DDC3C0E2DAD10B500545B4B /* SwiftUI.framework */ = {isa = PBXFileReference; lastKnownFileType = wrapper.framework; name = SwiftUI.framework; path = System/Library/Frameworks/SwiftUI.framework; sourceTree = SDKROOT; };
		6DDC3C272DAE029800545B4B /* WalletNoteWidgetExtension.entitlements */ = {isa = PBXFileReference; lastKnownFileType = text.plist.entitlements; path = WalletNoteWidgetExtension.entitlements; sourceTree = "<group>"; };
/* End PBXFileReference section */

/* Begin PBXFileSystemSynchronizedBuildFileExceptionSet section */
		6DDC3C222DAD10B700545B4B /* Exceptions for "WalletNoteWidget" folder in "WalletNoteWidgetExtension" target */ = {
			isa = PBXFileSystemSynchronizedBuildFileExceptionSet;
			membershipExceptions = (
				Info.plist,
			);
			target = 6DDC3C092DAD10B500545B4B /* WalletNoteWidgetExtension */;
		};
		6DDC3C252DAE01FA00545B4B /* Exceptions for "WalletNote" folder in "WalletNoteWidgetExtension" target */ = {
			isa = PBXFileSystemSynchronizedBuildFileExceptionSet;
			membershipExceptions = (
				Assets.xcassets,
				CashView.swift,
				Item.swift,
			);
			target = 6DDC3C092DAD10B500545B4B /* WalletNoteWidgetExtension */;
		};
/* End PBXFileSystemSynchronizedBuildFileExceptionSet section */

/* Begin PBXFileSystemSynchronizedRootGroup section */
		6D5A40612D51F1B60034EDC2 /* WalletNote */ = {
			isa = PBXFileSystemSynchronizedRootGroup;
			exceptions = (
				6DDC3C252DAE01FA00545B4B /* Exceptions for "WalletNote" folder in "WalletNoteWidgetExtension" target */,
			);
			path = WalletNote;
			sourceTree = "<group>";
		};
		6D5A40742D51F1B70034EDC2 /* WalletNoteTests */ = {
			isa = PBXFileSystemSynchronizedRootGroup;
			path = WalletNoteTests;
			sourceTree = "<group>";
		};
		6D5A407E2D51F1B70034EDC2 /* WalletNoteUITests */ = {
			isa = PBXFileSystemSynchronizedRootGroup;
			path = WalletNoteUITests;
			sourceTree = "<group>";
		};
		6DDC3C102DAD10B500545B4B /* WalletNoteWidget */ = {
			isa = PBXFileSystemSynchronizedRootGroup;
			exceptions = (
				6DDC3C222DAD10B700545B4B /* Exceptions for "WalletNoteWidget" folder in "WalletNoteWidgetExtension" target */,
			);
			path = WalletNoteWidget;
			sourceTree = "<group>";
		};
/* End PBXFileSystemSynchronizedRootGroup section */

/* Begin PBXFrameworksBuildPhase section */
		6D5A405C2D51F1B60034EDC2 /* Frameworks */ = {
			isa = PBXFrameworksBuildPhase;
			buildActionMask = 2147483647;
			files = (
			);
			runOnlyForDeploymentPostprocessing = 0;
		};
		6D5A406E2D51F1B70034EDC2 /* Frameworks */ = {
			isa = PBXFrameworksBuildPhase;
			buildActionMask = 2147483647;
			files = (
			);
			runOnlyForDeploymentPostprocessing = 0;
		};
		6D5A40782D51F1B70034EDC2 /* Frameworks */ = {
			isa = PBXFrameworksBuildPhase;
			buildActionMask = 2147483647;
			files = (
			);
			runOnlyForDeploymentPostprocessing = 0;
		};
		6DDC3C072DAD10B500545B4B /* Frameworks */ = {
			isa = PBXFrameworksBuildPhase;
			buildActionMask = 2147483647;
			files = (
				6DDC3C0F2DAD10B500545B4B /* SwiftUI.framework in Frameworks */,
				6DDC3C0D2DAD10B500545B4B /* WidgetKit.framework in Frameworks */,
			);
			runOnlyForDeploymentPostprocessing = 0;
		};
/* End PBXFrameworksBuildPhase section */

/* Begin PBXGroup section */
		6D5A40562D51F1B60034EDC2 = {
			isa = PBXGroup;
			children = (
				6DDC3C272DAE029800545B4B /* WalletNoteWidgetExtension.entitlements */,
				6D5A40612D51F1B60034EDC2 /* WalletNote */,
				6D5A40742D51F1B70034EDC2 /* WalletNoteTests */,
				6D5A407E2D51F1B70034EDC2 /* WalletNoteUITests */,
				6DDC3C102DAD10B500545B4B /* WalletNoteWidget */,
				6DDC3C0B2DAD10B500545B4B /* Frameworks */,
				6D5A40602D51F1B60034EDC2 /* Products */,
			);
			sourceTree = "<group>";
		};
		6D5A40602D51F1B60034EDC2 /* Products */ = {
			isa = PBXGroup;
			children = (
				6D5A405F2D51F1B60034EDC2 /* WalletNote.app */,
				6D5A40712D51F1B70034EDC2 /* WalletNoteTests.xctest */,
				6D5A407B2D51F1B70034EDC2 /* WalletNoteUITests.xctest */,
				6DDC3C0A2DAD10B500545B4B /* WalletNoteWidgetExtension.appex */,
			);
			name = Products;
			sourceTree = "<group>";
		};
		6DDC3C0B2DAD10B500545B4B /* Frameworks */ = {
			isa = PBXGroup;
			children = (
				6DDC3C0C2DAD10B500545B4B /* WidgetKit.framework */,
				6DDC3C0E2DAD10B500545B4B /* SwiftUI.framework */,
			);
			name = Frameworks;
			sourceTree = "<group>";
		};
/* End PBXGroup section */

/* Begin PBXNativeTarget section */
		6D5A405E2D51F1B60034EDC2 /* WalletNote */ = {
			isa = PBXNativeTarget;
			buildConfigurationList = 6D5A40852D51F1B70034EDC2 /* Build configuration list for PBXNativeTarget "WalletNote" */;
			buildPhases = (
				6D5A405B2D51F1B60034EDC2 /* Sources */,
				6D5A405C2D51F1B60034EDC2 /* Frameworks */,
				6D5A405D2D51F1B60034EDC2 /* Resources */,
				6DDC3C1F2DAD10B700545B4B /* Embed Foundation Extensions */,
			);
			buildRules = (
			);
			dependencies = (
				6DDC3C1D2DAD10B700545B4B /* PBXTargetDependency */,
			);
			fileSystemSynchronizedGroups = (
				6D5A40612D51F1B60034EDC2 /* WalletNote */,
			);
			name = WalletNote;
			packageProductDependencies = (
			);
			productName = WalletNote;
			productReference = 6D5A405F2D51F1B60034EDC2 /* WalletNote.app */;
			productType = "com.apple.product-type.application";
		};
		6D5A40702D51F1B70034EDC2 /* WalletNoteTests */ = {
			isa = PBXNativeTarget;
			buildConfigurationList = 6D5A40882D51F1B70034EDC2 /* Build configuration list for PBXNativeTarget "WalletNoteTests" */;
			buildPhases = (
				6D5A406D2D51F1B70034EDC2 /* Sources */,
				6D5A406E2D51F1B70034EDC2 /* Frameworks */,
				6D5A406F2D51F1B70034EDC2 /* Resources */,
			);
			buildRules = (
			);
			dependencies = (
				6D5A40732D51F1B70034EDC2 /* PBXTargetDependency */,
			);
			fileSystemSynchronizedGroups = (
				6D5A40742D51F1B70034EDC2 /* WalletNoteTests */,
			);
			name = WalletNoteTests;
			packageProductDependencies = (
			);
			productName = WalletNoteTests;
			productReference = 6D5A40712D51F1B70034EDC2 /* WalletNoteTests.xctest */;
			productType = "com.apple.product-type.bundle.unit-test";
		};
		6D5A407A2D51F1B70034EDC2 /* WalletNoteUITests */ = {
			isa = PBXNativeTarget;
			buildConfigurationList = 6D5A408B2D51F1B70034EDC2 /* Build configuration list for PBXNativeTarget "WalletNoteUITests" */;
			buildPhases = (
				6D5A40772D51F1B70034EDC2 /* Sources */,
				6D5A40782D51F1B70034EDC2 /* Frameworks */,
				6D5A40792D51F1B70034EDC2 /* Resources */,
			);
			buildRules = (
			);
			dependencies = (
				6D5A407D2D51F1B70034EDC2 /* PBXTargetDependency */,
			);
			fileSystemSynchronizedGroups = (
				6D5A407E2D51F1B70034EDC2 /* WalletNoteUITests */,
			);
			name = WalletNoteUITests;
			packageProductDependencies = (
			);
			productName = WalletNoteUITests;
			productReference = 6D5A407B2D51F1B70034EDC2 /* WalletNoteUITests.xctest */;
			productType = "com.apple.product-type.bundle.ui-testing";
		};
		6DDC3C092DAD10B500545B4B /* WalletNoteWidgetExtension */ = {
			isa = PBXNativeTarget;
			buildConfigurationList = 6DDC3C232DAD10B700545B4B /* Build configuration list for PBXNativeTarget "WalletNoteWidgetExtension" */;
			buildPhases = (
				6DDC3C062DAD10B500545B4B /* Sources */,
				6DDC3C072DAD10B500545B4B /* Frameworks */,
				6DDC3C082DAD10B500545B4B /* Resources */,
			);
			buildRules = (
			);
			dependencies = (
			);
			fileSystemSynchronizedGroups = (
				6DDC3C102DAD10B500545B4B /* WalletNoteWidget */,
			);
			name = WalletNoteWidgetExtension;
			packageProductDependencies = (
			);
			productName = WalletNoteWidgetExtension;
			productReference = 6DDC3C0A2DAD10B500545B4B /* WalletNoteWidgetExtension.appex */;
			productType = "com.apple.product-type.app-extension";
		};
/* End PBXNativeTarget section */

/* Begin PBXProject section */
		6D5A40572D51F1B60034EDC2 /* Project object */ = {
			isa = PBXProject;
			attributes = {
				BuildIndependentTargetsInParallel = 1;
				LastSwiftUpdateCheck = 1630;
				LastUpgradeCheck = 1620;
				TargetAttributes = {
					6D5A405E2D51F1B60034EDC2 = {
						CreatedOnToolsVersion = 16.2;
					};
					6D5A40702D51F1B70034EDC2 = {
						CreatedOnToolsVersion = 16.2;
						TestTargetID = 6D5A405E2D51F1B60034EDC2;
					};
					6D5A407A2D51F1B70034EDC2 = {
						CreatedOnToolsVersion = 16.2;
						TestTargetID = 6D5A405E2D51F1B60034EDC2;
					};
					6DDC3C092DAD10B500545B4B = {
						CreatedOnToolsVersion = 16.3;
					};
				};
			};
			buildConfigurationList = 6D5A405A2D51F1B60034EDC2 /* Build configuration list for PBXProject "WalletNote" */;
			developmentRegion = en;
			hasScannedForEncodings = 0;
			knownRegions = (
				en,
				Base,
			);
			mainGroup = 6D5A40562D51F1B60034EDC2;
			minimizedProjectReferenceProxies = 1;
			preferredProjectObjectVersion = 77;
			productRefGroup = 6D5A40602D51F1B60034EDC2 /* Products */;
			projectDirPath = "";
			projectRoot = "";
			targets = (
				6D5A405E2D51F1B60034EDC2 /* WalletNote */,
				6D5A40702D51F1B70034EDC2 /* WalletNoteTests */,
				6D5A407A2D51F1B70034EDC2 /* WalletNoteUITests */,
				6DDC3C092DAD10B500545B4B /* WalletNoteWidgetExtension */,
			);
		};
/* End PBXProject section */

/* Begin PBXResourcesBuildPhase section */
		6D5A405D2D51F1B60034EDC2 /* Resources */ = {
			isa = PBXResourcesBuildPhase;
			buildActionMask = 2147483647;
			files = (
			);
			runOnlyForDeploymentPostprocessing = 0;
		};
		6D5A406F2D51F1B70034EDC2 /* Resources */ = {
			isa = PBXResourcesBuildPhase;
			buildActionMask = 2147483647;
			files = (
			);
			runOnlyForDeploymentPostprocessing = 0;
		};
		6D5A40792D51F1B70034EDC2 /* Resources */ = {
			isa = PBXResourcesBuildPhase;
			buildActionMask = 2147483647;
			files = (
			);
			runOnlyForDeploymentPostprocessing = 0;
		};
		6DDC3C082DAD10B500545B4B /* Resources */ = {
			isa = PBXResourcesBuildPhase;
			buildActionMask = 2147483647;
			files = (
			);
			runOnlyForDeploymentPostprocessing = 0;
		};
/* End PBXResourcesBuildPhase section */

/* Begin PBXSourcesBuildPhase section */
		6D5A405B2D51F1B60034EDC2 /* Sources */ = {
			isa = PBXSourcesBuildPhase;
			buildActionMask = 2147483647;
			files = (
			);
			runOnlyForDeploymentPostprocessing = 0;
		};
		6D5A406D2D51F1B70034EDC2 /* Sources */ = {
			isa = PBXSourcesBuildPhase;
			buildActionMask = 2147483647;
			files = (
			);
			runOnlyForDeploymentPostprocessing = 0;
		};
		6D5A40772D51F1B70034EDC2 /* Sources */ = {
			isa = PBXSourcesBuildPhase;
			buildActionMask = 2147483647;
			files = (
			);
			runOnlyForDeploymentPostprocessing = 0;
		};
		6DDC3C062DAD10B500545B4B /* Sources */ = {
			isa = PBXSourcesBuildPhase;
			buildActionMask = 2147483647;
			files = (
			);
			runOnlyForDeploymentPostprocessing = 0;
		};
/* End PBXSourcesBuildPhase section */

/* Begin PBXTargetDependency section */
		6D5A40732D51F1B70034EDC2 /* PBXTargetDependency */ = {
			isa = PBXTargetDependency;
			target = 6D5A405E2D51F1B60034EDC2 /* WalletNote */;
			targetProxy = 6D5A40722D51F1B70034EDC2 /* PBXContainerItemProxy */;
		};
		6D5A407D2D51F1B70034EDC2 /* PBXTargetDependency */ = {
			isa = PBXTargetDependency;
			target = 6D5A405E2D51F1B60034EDC2 /* WalletNote */;
			targetProxy = 6D5A407C2D51F1B70034EDC2 /* PBXContainerItemProxy */;
		};
		6DDC3C1D2DAD10B700545B4B /* PBXTargetDependency */ = {
			isa = PBXTargetDependency;
			target = 6DDC3C092DAD10B500545B4B /* WalletNoteWidgetExtension */;
			targetProxy = 6DDC3C1C2DAD10B700545B4B /* PBXContainerItemProxy */;
		};
/* End PBXTargetDependency section */

/* Begin XCBuildConfiguration section */
		6D5A40832D51F1B70034EDC2 /* Debug */ = {
			isa = XCBuildConfiguration;
			buildSettings = {
				ALWAYS_SEARCH_USER_PATHS = NO;
				ASSETCATALOG_COMPILER_GENERATE_SWIFT_ASSET_SYMBOL_EXTENSIONS = YES;
				CLANG_ANALYZER_NONNULL = YES;
				CLANG_ANALYZER_NUMBER_OBJECT_CONVERSION = YES_AGGRESSIVE;
				CLANG_CXX_LANGUAGE_STANDARD = "gnu++20";
				CLANG_ENABLE_MODULES = YES;
				CLANG_ENABLE_OBJC_ARC = YES;
				CLANG_ENABLE_OBJC_WEAK = YES;
				CLANG_WARN_BLOCK_CAPTURE_AUTORELEASING = YES;
				CLANG_WARN_BOOL_CONVERSION = YES;
				CLANG_WARN_COMMA = YES;
				CLANG_WARN_CONSTANT_CONVERSION = YES;
				CLANG_WARN_DEPRECATED_OBJC_IMPLEMENTATIONS = YES;
				CLANG_WARN_DIRECT_OBJC_ISA_USAGE = YES_ERROR;
				CLANG_WARN_DOCUMENTATION_COMMENTS = YES;
				CLANG_WARN_EMPTY_BODY = YES;
				CLANG_WARN_ENUM_CONVERSION = YES;
				CLANG_WARN_INFINITE_RECURSION = YES;
				CLANG_WARN_INT_CONVERSION = YES;
				CLANG_WARN_NON_LITERAL_NULL_CONVERSION = YES;
				CLANG_WARN_OBJC_IMPLICIT_RETAIN_SELF = YES;
				CLANG_WARN_OBJC_LITERAL_CONVERSION = YES;
				CLANG_WARN_OBJC_ROOT_CLASS = YES_ERROR;
				CLANG_WARN_QUOTED_INCLUDE_IN_FRAMEWORK_HEADER = YES;
				CLANG_WARN_RANGE_LOOP_ANALYSIS = YES;
				CLANG_WARN_STRICT_PROTOTYPES = YES;
				CLANG_WARN_SUSPICIOUS_MOVE = YES;
				CLANG_WARN_UNGUARDED_AVAILABILITY = YES_AGGRESSIVE;
				CLANG_WARN_UNREACHABLE_CODE = YES;
				CLANG_WARN__DUPLICATE_METHOD_MATCH = YES;
				COPY_PHASE_STRIP = NO;
				DEBUG_INFORMATION_FORMAT = dwarf;
				ENABLE_STRICT_OBJC_MSGSEND = YES;
				ENABLE_TESTABILITY = YES;
				ENABLE_USER_SCRIPT_SANDBOXING = YES;
				GCC_C_LANGUAGE_STANDARD = gnu17;
				GCC_DYNAMIC_NO_PIC = NO;
				GCC_NO_COMMON_BLOCKS = YES;
				GCC_OPTIMIZATION_LEVEL = 0;
				GCC_PREPROCESSOR_DEFINITIONS = (
					"DEBUG=1",
					"$(inherited)",
				);
				GCC_WARN_64_TO_32_BIT_CONVERSION = YES;
				GCC_WARN_ABOUT_RETURN_TYPE = YES_ERROR;
				GCC_WARN_UNDECLARED_SELECTOR = YES;
				GCC_WARN_UNINITIALIZED_AUTOS = YES_AGGRESSIVE;
				GCC_WARN_UNUSED_FUNCTION = YES;
				GCC_WARN_UNUSED_VARIABLE = YES;
				IPHONEOS_DEPLOYMENT_TARGET = 18.2;
				LOCALIZATION_PREFERS_STRING_CATALOGS = YES;
				MTL_ENABLE_DEBUG_INFO = INCLUDE_SOURCE;
				MTL_FAST_MATH = YES;
				ONLY_ACTIVE_ARCH = YES;
				SDKROOT = iphoneos;
				SWIFT_ACTIVE_COMPILATION_CONDITIONS = "DEBUG $(inherited)";
				SWIFT_OPTIMIZATION_LEVEL = "-Onone";
			};
			name = Debug;
		};
		6D5A40842D51F1B70034EDC2 /* Release */ = {
			isa = XCBuildConfiguration;
			buildSettings = {
				ALWAYS_SEARCH_USER_PATHS = NO;
				ASSETCATALOG_COMPILER_GENERATE_SWIFT_ASSET_SYMBOL_EXTENSIONS = YES;
				CLANG_ANALYZER_NONNULL = YES;
				CLANG_ANALYZER_NUMBER_OBJECT_CONVERSION = YES_AGGRESSIVE;
				CLANG_CXX_LANGUAGE_STANDARD = "gnu++20";
				CLANG_ENABLE_MODULES = YES;
				CLANG_ENABLE_OBJC_ARC = YES;
				CLANG_ENABLE_OBJC_WEAK = YES;
				CLANG_WARN_BLOCK_CAPTURE_AUTORELEASING = YES;
				CLANG_WARN_BOOL_CONVERSION = YES;
				CLANG_WARN_COMMA = YES;
				CLANG_WARN_CONSTANT_CONVERSION = YES;
				CLANG_WARN_DEPRECATED_OBJC_IMPLEMENTATIONS = YES;
				CLANG_WARN_DIRECT_OBJC_ISA_USAGE = YES_ERROR;
				CLANG_WARN_DOCUMENTATION_COMMENTS = YES;
				CLANG_WARN_EMPTY_BODY = YES;
				CLANG_WARN_ENUM_CONVERSION = YES;
				CLANG_WARN_INFINITE_RECURSION = YES;
				CLANG_WARN_INT_CONVERSION = YES;
				CLANG_WARN_NON_LITERAL_NULL_CONVERSION = YES;
				CLANG_WARN_OBJC_IMPLICIT_RETAIN_SELF = YES;
				CLANG_WARN_OBJC_LITERAL_CONVERSION = YES;
				CLANG_WARN_OBJC_ROOT_CLASS = YES_ERROR;
				CLANG_WARN_QUOTED_INCLUDE_IN_FRAMEWORK_HEADER = YES;
				CLANG_WARN_RANGE_LOOP_ANALYSIS = YES;
				CLANG_WARN_STRICT_PROTOTYPES = YES;
				CLANG_WARN_SUSPICIOUS_MOVE = YES;
				CLANG_WARN_UNGUARDED_AVAILABILITY = YES_AGGRESSIVE;
				CLANG_WARN_UNREACHABLE_CODE = YES;
				CLANG_WARN__DUPLICATE_METHOD_MATCH = YES;
				COPY_PHASE_STRIP = NO;
				DEBUG_INFORMATION_FORMAT = "dwarf-with-dsym";
				ENABLE_NS_ASSERTIONS = NO;
				ENABLE_STRICT_OBJC_MSGSEND = YES;
				ENABLE_USER_SCRIPT_SANDBOXING = YES;
				GCC_C_LANGUAGE_STANDARD = gnu17;
				GCC_NO_COMMON_BLOCKS = YES;
				GCC_WARN_64_TO_32_BIT_CONVERSION = YES;
				GCC_WARN_ABOUT_RETURN_TYPE = YES_ERROR;
				GCC_WARN_UNDECLARED_SELECTOR = YES;
				GCC_WARN_UNINITIALIZED_AUTOS = YES_AGGRESSIVE;
				GCC_WARN_UNUSED_FUNCTION = YES;
				GCC_WARN_UNUSED_VARIABLE = YES;
				IPHONEOS_DEPLOYMENT_TARGET = 18.2;
				LOCALIZATION_PREFERS_STRING_CATALOGS = YES;
				MTL_ENABLE_DEBUG_INFO = NO;
				MTL_FAST_MATH = YES;
				SDKROOT = iphoneos;
				SWIFT_COMPILATION_MODE = wholemodule;
				VALIDATE_PRODUCT = YES;
			};
			name = Release;
		};
		6D5A40862D51F1B70034EDC2 /* Debug */ = {
			isa = XCBuildConfiguration;
			buildSettings = {
				ASSETCATALOG_COMPILER_APPICON_NAME = AppIcon;
				ASSETCATALOG_COMPILER_GLOBAL_ACCENT_COLOR_NAME = AccentColor;
				CODE_SIGN_ENTITLEMENTS = WalletNote/WalletNote.entitlements;
				CODE_SIGN_STYLE = Automatic;
				CURRENT_PROJECT_VERSION = 1;
				DEVELOPMENT_ASSET_PATHS = "\"WalletNote/Preview Content\"";
				DEVELOPMENT_TEAM = 5JP8QJ77KT;
				ENABLE_PREVIEWS = YES;
				GENERATE_INFOPLIST_FILE = YES;
				INFOPLIST_KEY_CFBundleDisplayName = "お財布メモ";
				INFOPLIST_KEY_LSApplicationCategoryType = "public.app-category.finance";
				INFOPLIST_KEY_UIApplicationSceneManifest_Generation = YES;
				INFOPLIST_KEY_UIApplicationSupportsIndirectInputEvents = YES;
				INFOPLIST_KEY_UILaunchScreen_Generation = YES;
				INFOPLIST_KEY_UISupportedInterfaceOrientations = UIInterfaceOrientationPortrait;
				INFOPLIST_KEY_UISupportedInterfaceOrientations_iPad = "UIInterfaceOrientationLandscapeLeft UIInterfaceOrientationLandscapeRight UIInterfaceOrientationPortrait UIInterfaceOrientationPortraitUpsideDown";
				IPHONEOS_DEPLOYMENT_TARGET = 18.0;
				LD_RUNPATH_SEARCH_PATHS = (
					"$(inherited)",
					"@executable_path/Frameworks",
				);
				MARKETING_VERSION = 1.0;
				PRODUCT_BUNDLE_IDENTIFIER = ta17eee.WalletNote;
				PRODUCT_NAME = "$(TARGET_NAME)";
				SUPPORTED_PLATFORMS = "iphoneos iphonesimulator";
				SUPPORTS_MACCATALYST = NO;
				SWIFT_EMIT_LOC_STRINGS = YES;
				SWIFT_VERSION = 5.0;
				TARGETED_DEVICE_FAMILY = 1;
			};
			name = Debug;
		};
		6D5A40872D51F1B70034EDC2 /* Release */ = {
			isa = XCBuildConfiguration;
			buildSettings = {
				ASSETCATALOG_COMPILER_APPICON_NAME = AppIcon;
				ASSETCATALOG_COMPILER_GLOBAL_ACCENT_COLOR_NAME = AccentColor;
				CODE_SIGN_ENTITLEMENTS = WalletNote/WalletNote.entitlements;
				CODE_SIGN_STYLE = Automatic;
				CURRENT_PROJECT_VERSION = 1;
				DEVELOPMENT_ASSET_PATHS = "\"WalletNote/Preview Content\"";
				DEVELOPMENT_TEAM = 5JP8QJ77KT;
				ENABLE_PREVIEWS = YES;
				GENERATE_INFOPLIST_FILE = YES;
				INFOPLIST_KEY_CFBundleDisplayName = "お財布メモ";
				INFOPLIST_KEY_LSApplicationCategoryType = "public.app-category.finance";
				INFOPLIST_KEY_UIApplicationSceneManifest_Generation = YES;
				INFOPLIST_KEY_UIApplicationSupportsIndirectInputEvents = YES;
				INFOPLIST_KEY_UILaunchScreen_Generation = YES;
				INFOPLIST_KEY_UISupportedInterfaceOrientations = UIInterfaceOrientationPortrait;
				INFOPLIST_KEY_UISupportedInterfaceOrientations_iPad = "UIInterfaceOrientationLandscapeLeft UIInterfaceOrientationLandscapeRight UIInterfaceOrientationPortrait UIInterfaceOrientationPortraitUpsideDown";
				IPHONEOS_DEPLOYMENT_TARGET = 18.0;
				LD_RUNPATH_SEARCH_PATHS = (
					"$(inherited)",
					"@executable_path/Frameworks",
				);
				MARKETING_VERSION = 1.0;
				PRODUCT_BUNDLE_IDENTIFIER = ta17eee.WalletNote;
				PRODUCT_NAME = "$(TARGET_NAME)";
				SUPPORTED_PLATFORMS = "iphoneos iphonesimulator";
				SUPPORTS_MACCATALYST = NO;
				SWIFT_EMIT_LOC_STRINGS = YES;
				SWIFT_VERSION = 5.0;
				TARGETED_DEVICE_FAMILY = 1;
			};
			name = Release;
		};
		6D5A40892D51F1B70034EDC2 /* Debug */ = {
			isa = XCBuildConfiguration;
			buildSettings = {
				BUNDLE_LOADER = "$(TEST_HOST)";
				CODE_SIGN_STYLE = Automatic;
				CURRENT_PROJECT_VERSION = 1;
				GENERATE_INFOPLIST_FILE = YES;
				IPHONEOS_DEPLOYMENT_TARGET = 18.2;
				MARKETING_VERSION = 1.0;
				PRODUCT_BUNDLE_IDENTIFIER = ta17eee.WalletNoteTests;
				PRODUCT_NAME = "$(TARGET_NAME)";
				SWIFT_EMIT_LOC_STRINGS = NO;
				SWIFT_VERSION = 5.0;
				TARGETED_DEVICE_FAMILY = "1,2";
				TEST_HOST = "$(BUILT_PRODUCTS_DIR)/WalletNote.app/$(BUNDLE_EXECUTABLE_FOLDER_PATH)/WalletNote";
			};
			name = Debug;
		};
		6D5A408A2D51F1B70034EDC2 /* Release */ = {
			isa = XCBuildConfiguration;
			buildSettings = {
				BUNDLE_LOADER = "$(TEST_HOST)";
				CODE_SIGN_STYLE = Automatic;
				CURRENT_PROJECT_VERSION = 1;
				GENERATE_INFOPLIST_FILE = YES;
				IPHONEOS_DEPLOYMENT_TARGET = 18.2;
				MARKETING_VERSION = 1.0;
				PRODUCT_BUNDLE_IDENTIFIER = ta17eee.WalletNoteTests;
				PRODUCT_NAME = "$(TARGET_NAME)";
				SWIFT_EMIT_LOC_STRINGS = NO;
				SWIFT_VERSION = 5.0;
				TARGETED_DEVICE_FAMILY = "1,2";
				TEST_HOST = "$(BUILT_PRODUCTS_DIR)/WalletNote.app/$(BUNDLE_EXECUTABLE_FOLDER_PATH)/WalletNote";
			};
			name = Release;
		};
		6D5A408C2D51F1B70034EDC2 /* Debug */ = {
			isa = XCBuildConfiguration;
			buildSettings = {
				CODE_SIGN_STYLE = Automatic;
				CURRENT_PROJECT_VERSION = 1;
				GENERATE_INFOPLIST_FILE = YES;
				MARKETING_VERSION = 1.0;
				PRODUCT_BUNDLE_IDENTIFIER = ta17eee.WalletNoteUITests;
				PRODUCT_NAME = "$(TARGET_NAME)";
				SWIFT_EMIT_LOC_STRINGS = NO;
				SWIFT_VERSION = 5.0;
				TARGETED_DEVICE_FAMILY = "1,2";
				TEST_TARGET_NAME = WalletNote;
			};
			name = Debug;
		};
		6D5A408D2D51F1B70034EDC2 /* Release */ = {
			isa = XCBuildConfiguration;
			buildSettings = {
				CODE_SIGN_STYLE = Automatic;
				CURRENT_PROJECT_VERSION = 1;
				GENERATE_INFOPLIST_FILE = YES;
				MARKETING_VERSION = 1.0;
				PRODUCT_BUNDLE_IDENTIFIER = ta17eee.WalletNoteUITests;
				PRODUCT_NAME = "$(TARGET_NAME)";
				SWIFT_EMIT_LOC_STRINGS = NO;
				SWIFT_VERSION = 5.0;
				TARGETED_DEVICE_FAMILY = "1,2";
				TEST_TARGET_NAME = WalletNote;
			};
			name = Release;
		};
		6DDC3C202DAD10B700545B4B /* Debug */ = {
			isa = XCBuildConfiguration;
			buildSettings = {
				ASSETCATALOG_COMPILER_GLOBAL_ACCENT_COLOR_NAME = AccentColor;
				ASSETCATALOG_COMPILER_WIDGET_BACKGROUND_COLOR_NAME = WidgetBackground;
				CODE_SIGN_ENTITLEMENTS = WalletNoteWidgetExtension.entitlements;
				CODE_SIGN_STYLE = Automatic;
				CURRENT_PROJECT_VERSION = 1;
				DEVELOPMENT_TEAM = 5JP8QJ77KT;
				GENERATE_INFOPLIST_FILE = YES;
				INFOPLIST_FILE = WalletNoteWidget/Info.plist;
				INFOPLIST_KEY_CFBundleDisplayName = WalletNoteWidget;
				INFOPLIST_KEY_NSHumanReadableCopyright = "";
				IPHONEOS_DEPLOYMENT_TARGET = 18.4;
				LD_RUNPATH_SEARCH_PATHS = (
					"$(inherited)",
					"@executable_path/Frameworks",
					"@executable_path/../../Frameworks",
				);
				MARKETING_VERSION = 1.0;
				PRODUCT_BUNDLE_IDENTIFIER = ta17eee.WalletNote.WalletNoteWidget;
				PRODUCT_NAME = "$(TARGET_NAME)";
				SKIP_INSTALL = YES;
				SWIFT_EMIT_LOC_STRINGS = YES;
				SWIFT_VERSION = 5.0;
				TARGETED_DEVICE_FAMILY = "1,2";
			};
			name = Debug;
		};
		6DDC3C212DAD10B700545B4B /* Release */ = {
			isa = XCBuildConfiguration;
			buildSettings = {
				ASSETCATALOG_COMPILER_GLOBAL_ACCENT_COLOR_NAME = AccentColor;
				ASSETCATALOG_COMPILER_WIDGET_BACKGROUND_COLOR_NAME = WidgetBackground;
				CODE_SIGN_ENTITLEMENTS = WalletNoteWidgetExtension.entitlements;
				CODE_SIGN_STYLE = Automatic;
				CURRENT_PROJECT_VERSION = 1;
				DEVELOPMENT_TEAM = 5JP8QJ77KT;
				GENERATE_INFOPLIST_FILE = YES;
				INFOPLIST_FILE = WalletNoteWidget/Info.plist;
				INFOPLIST_KEY_CFBundleDisplayName = WalletNoteWidget;
				INFOPLIST_KEY_NSHumanReadableCopyright = "";
				IPHONEOS_DEPLOYMENT_TARGET = 18.4;
				LD_RUNPATH_SEARCH_PATHS = (
					"$(inherited)",
					"@executable_path/Frameworks",
					"@executable_path/../../Frameworks",
				);
				MARKETING_VERSION = 1.0;
				PRODUCT_BUNDLE_IDENTIFIER = ta17eee.WalletNote.WalletNoteWidget;
				PRODUCT_NAME = "$(TARGET_NAME)";
				SKIP_INSTALL = YES;
				SWIFT_EMIT_LOC_STRINGS = YES;
				SWIFT_VERSION = 5.0;
				TARGETED_DEVICE_FAMILY = "1,2";
			};
			name = Release;
		};
/* End XCBuildConfiguration section */

/* Begin XCConfigurationList section */
		6D5A405A2D51F1B60034EDC2 /* Build configuration list for PBXProject "WalletNote" */ = {
			isa = XCConfigurationList;
			buildConfigurations = (
				6D5A40832D51F1B70034EDC2 /* Debug */,
				6D5A40842D51F1B70034EDC2 /* Release */,
			);
			defaultConfigurationIsVisible = 0;
			defaultConfigurationName = Release;
		};
		6D5A40852D51F1B70034EDC2 /* Build configuration list for PBXNativeTarget "WalletNote" */ = {
			isa = XCConfigurationList;
			buildConfigurations = (
				6D5A40862D51F1B70034EDC2 /* Debug */,
				6D5A40872D51F1B70034EDC2 /* Release */,
			);
			defaultConfigurationIsVisible = 0;
			defaultConfigurationName = Release;
		};
		6D5A40882D51F1B70034EDC2 /* Build configuration list for PBXNativeTarget "WalletNoteTests" */ = {
			isa = XCConfigurationList;
			buildConfigurations = (
				6D5A40892D51F1B70034EDC2 /* Debug */,
				6D5A408A2D51F1B70034EDC2 /* Release */,
			);
			defaultConfigurationIsVisible = 0;
			defaultConfigurationName = Release;
		};
		6D5A408B2D51F1B70034EDC2 /* Build configuration list for PBXNativeTarget "WalletNoteUITests" */ = {
			isa = XCConfigurationList;
			buildConfigurations = (
				6D5A408C2D51F1B70034EDC2 /* Debug */,
				6D5A408D2D51F1B70034EDC2 /* Release */,
			);
			defaultConfigurationIsVisible = 0;
			defaultConfigurationName = Release;
		};
		6DDC3C232DAD10B700545B4B /* Build configuration list for PBXNativeTarget "WalletNoteWidgetExtension" */ = {
			isa = XCConfigurationList;
			buildConfigurations = (
				6DDC3C202DAD10B700545B4B /* Debug */,
				6DDC3C212DAD10B700545B4B /* Release */,
			);
			defaultConfigurationIsVisible = 0;
			defaultConfigurationName = Release;
		};
/* End XCConfigurationList section */
	};
	rootObject = 6D5A40572D51F1B60034EDC2 /* Project object */;
}
